// !$*UTF8*$!
{
	archiveVersion = 1;
	classes = {
	};
	objectVersion = 50;
	objects = {

/* Begin PBXBuildFile section */
		270A26C8213AB54A0096C24B /* Message.swift in Sources */ = {isa = PBXBuildFile; fileRef = 270A26C7213AB54A0096C24B /* Message.swift */; };
		270A26CA213AB5B70096C24B /* User.swift in Sources */ = {isa = PBXBuildFile; fileRef = 270A26C9213AB5B70096C24B /* User.swift */; };
		270A26CC213AB7130096C24B /* UserAuthenticator.swift in Sources */ = {isa = PBXBuildFile; fileRef = 270A26CB213AB7130096C24B /* UserAuthenticator.swift */; };
		270A26CE213ABB220096C24B /* UserTestDataGenerator.swift in Sources */ = {isa = PBXBuildFile; fileRef = 270A26CD213ABB220096C24B /* UserTestDataGenerator.swift */; };
		270A26D0213AE2440096C24B /* ChatCellType.swift in Sources */ = {isa = PBXBuildFile; fileRef = 270A26CF213AE2440096C24B /* ChatCellType.swift */; };
		270A26D2213AE9250096C24B /* TextSimulator.swift in Sources */ = {isa = PBXBuildFile; fileRef = 270A26D1213AE9250096C24B /* TextSimulator.swift */; };
		270A26D6213B2A6C0096C24B /* VideoPlayerViewController.swift in Sources */ = {isa = PBXBuildFile; fileRef = 270A26D5213B2A6C0096C24B /* VideoPlayerViewController.swift */; };
		270A26DC213B66F50096C24B /* MessengerViewSizeProperties.swift in Sources */ = {isa = PBXBuildFile; fileRef = 270A26DB213B66F50096C24B /* MessengerViewSizeProperties.swift */; };
		2739BB83213733F6007B1D23 /* AnalyticsCollectionViewController.swift in Sources */ = {isa = PBXBuildFile; fileRef = 2739BB82213733F6007B1D23 /* AnalyticsCollectionViewController.swift */; };
		2739BB86213740C6007B1D23 /* TwoLineChartCollectionViewCell.swift in Sources */ = {isa = PBXBuildFile; fileRef = 2739BB85213740C6007B1D23 /* TwoLineChartCollectionViewCell.swift */; };
		2739BB88213740E6007B1D23 /* SingleLineChartCollectionViewCell.swift in Sources */ = {isa = PBXBuildFile; fileRef = 2739BB87213740E6007B1D23 /* SingleLineChartCollectionViewCell.swift */; };
		2739BB8A213740F7007B1D23 /* VerticalBarChartCollectionViewCell.swift in Sources */ = {isa = PBXBuildFile; fileRef = 2739BB89213740F7007B1D23 /* VerticalBarChartCollectionViewCell.swift */; };
		2739BB8C2137410C007B1D23 /* HorizontalBarChartCollectionViewCell.swift in Sources */ = {isa = PBXBuildFile; fileRef = 2739BB8B2137410C007B1D23 /* HorizontalBarChartCollectionViewCell.swift */; };
		2739BB8E21374118007B1D23 /* PieChartCollectionViewCell.swift in Sources */ = {isa = PBXBuildFile; fileRef = 2739BB8D21374118007B1D23 /* PieChartCollectionViewCell.swift */; };
		2739BB9321378353007B1D23 /* AnalyticsChartType.swift in Sources */ = {isa = PBXBuildFile; fileRef = 2739BB9221378353007B1D23 /* AnalyticsChartType.swift */; };
		2739BB972138A5F8007B1D23 /* MessengerViewController.swift in Sources */ = {isa = PBXBuildFile; fileRef = 2739BB962138A5F8007B1D23 /* MessengerViewController.swift */; };
		2739BB992138A801007B1D23 /* ChatCollectionViewCell.swift in Sources */ = {isa = PBXBuildFile; fileRef = 2739BB982138A801007B1D23 /* ChatCollectionViewCell.swift */; };
		2739BB9B2138EA87007B1D23 /* SenderChatCell.swift in Sources */ = {isa = PBXBuildFile; fileRef = 2739BB9A2138EA87007B1D23 /* SenderChatCell.swift */; };
		2739BB9D2139B0C6007B1D23 /* MessengerInputView.swift in Sources */ = {isa = PBXBuildFile; fileRef = 2739BB9C2139B0C6007B1D23 /* MessengerInputView.swift */; };
		2739BBA1213A32AD007B1D23 /* ActionButton.swift in Sources */ = {isa = PBXBuildFile; fileRef = 2739BBA0213A32AD007B1D23 /* ActionButton.swift */; };
		2739BBA3213A401F007B1D23 /* PhotosGalleryViewController.swift in Sources */ = {isa = PBXBuildFile; fileRef = 2739BBA2213A401F007B1D23 /* PhotosGalleryViewController.swift */; };
		2739BBA5213A4A7A007B1D23 /* PhotoCollectionViewCell.swift in Sources */ = {isa = PBXBuildFile; fileRef = 2739BBA4213A4A7A007B1D23 /* PhotoCollectionViewCell.swift */; };
		2739BBA7213AA5A9007B1D23 /* ChatImageCollectionViewCell.swift in Sources */ = {isa = PBXBuildFile; fileRef = 2739BBA6213AA5A9007B1D23 /* ChatImageCollectionViewCell.swift */; };
		27485021214D81B000EA927D /* GoogleService-Info.plist in Resources */ = {isa = PBXBuildFile; fileRef = 27485020214D81B000EA927D /* GoogleService-Info.plist */; };
		27485023214D92F400EA927D /* FirebaseManager.swift in Sources */ = {isa = PBXBuildFile; fileRef = 27485022214D92F400EA927D /* FirebaseManager.swift */; };
		27485025214EDBED00EA927D /* NetworkRequestStringResponses.swift in Sources */ = {isa = PBXBuildFile; fileRef = 27485024214EDBED00EA927D /* NetworkRequestStringResponses.swift */; };
		27854BFA213B7FDD005C0922 /* Assets.xcassets in Resources */ = {isa = PBXBuildFile; fileRef = 27854BF9213B7FDD005C0922 /* Assets.xcassets */; };
		27A6224221347CC7007CE1CA /* FormInputItem.swift in Sources */ = {isa = PBXBuildFile; fileRef = 27A6224121347CC7007CE1CA /* FormInputItem.swift */; };
		27A6224421349D93007CE1CA /* LoginViewController.swift in Sources */ = {isa = PBXBuildFile; fileRef = 27A6224321349D93007CE1CA /* LoginViewController.swift */; };
		27A622462134A10A007CE1CA /* FormViewConfigurer.swift in Sources */ = {isa = PBXBuildFile; fileRef = 27A622452134A10A007CE1CA /* FormViewConfigurer.swift */; };
		27A622482134AF43007CE1CA /* ForgotPasswordViewController.swift in Sources */ = {isa = PBXBuildFile; fileRef = 27A622472134AF43007CE1CA /* ForgotPasswordViewController.swift */; };
		27ACBADA2135D89F0058349F /* SignUpAnimationController.swift in Sources */ = {isa = PBXBuildFile; fileRef = 27ACBAD92135D89F0058349F /* SignUpAnimationController.swift */; };
		27ACBADC2135FF380058349F /* RoundBackButton.swift in Sources */ = {isa = PBXBuildFile; fileRef = 27ACBADB2135FF380058349F /* RoundBackButton.swift */; };
		27ACBADE213634F40058349F /* LoginAnimationController.swift in Sources */ = {isa = PBXBuildFile; fileRef = 27ACBADD213634F40058349F /* LoginAnimationController.swift */; };
		27ACBAE02136462D0058349F /* AlertView.swift in Sources */ = {isa = PBXBuildFile; fileRef = 27ACBADF2136462D0058349F /* AlertView.swift */; };
		27ACBAE2213648CE0058349F /* AlertViewController.swift in Sources */ = {isa = PBXBuildFile; fileRef = 27ACBAE1213648CE0058349F /* AlertViewController.swift */; };
		27ACBAE521364F520058349F /* AlertViewModel.swift in Sources */ = {isa = PBXBuildFile; fileRef = 27ACBAE421364F520058349F /* AlertViewModel.swift */; };
		27ACBAE7213658400058349F /* LoadingView.swift in Sources */ = {isa = PBXBuildFile; fileRef = 27ACBAE6213658400058349F /* LoadingView.swift */; };
		27ACBAE92136584B0058349F /* LoadingViewController.swift in Sources */ = {isa = PBXBuildFile; fileRef = 27ACBAE82136584B0058349F /* LoadingViewController.swift */; };
		502979FB2131F039005E5DFB /* AppDelegate.swift in Sources */ = {isa = PBXBuildFile; fileRef = 502979FA2131F039005E5DFB /* AppDelegate.swift */; };
		502979FD2131F039005E5DFB /* WelcomeViewController.swift in Sources */ = {isa = PBXBuildFile; fileRef = 502979FC2131F039005E5DFB /* WelcomeViewController.swift */; };
		50297A002131F039005E5DFB /* Main.storyboard in Resources */ = {isa = PBXBuildFile; fileRef = 502979FE2131F039005E5DFB /* Main.storyboard */; };
		50297A052131F03A005E5DFB /* LaunchScreen.storyboard in Resources */ = {isa = PBXBuildFile; fileRef = 50297A032131F03A005E5DFB /* LaunchScreen.storyboard */; };
		50297A0D2131F0B1005E5DFB /* WelcomeView.swift in Sources */ = {isa = PBXBuildFile; fileRef = 50297A0C2131F0B1005E5DFB /* WelcomeView.swift */; };
		50297A1821331F3A005E5DFB /* backgroundVideo.mp4 in Resources */ = {isa = PBXBuildFile; fileRef = 50297A172132013D005E5DFB /* backgroundVideo.mp4 */; };
		50297A1A21332A93005E5DFB /* SignUpViewController.swift in Sources */ = {isa = PBXBuildFile; fileRef = 50297A1921332A93005E5DFB /* SignUpViewController.swift */; };
		50297A1C21332ABD005E5DFB /* FormView.swift in Sources */ = {isa = PBXBuildFile; fileRef = 50297A1B21332ABD005E5DFB /* FormView.swift */; };
		B900C10A94D82B4FE66616BA /* Pods_Messenger.framework in Frameworks */ = {isa = PBXBuildFile; fileRef = AD014185F8ACD9823720775B /* Pods_Messenger.framework */; };
/* End PBXBuildFile section */

/* Begin PBXFileReference section */
		270A26C7213AB54A0096C24B /* Message.swift */ = {isa = PBXFileReference; lastKnownFileType = sourcecode.swift; path = Message.swift; sourceTree = "<group>"; };
		270A26C9213AB5B70096C24B /* User.swift */ = {isa = PBXFileReference; lastKnownFileType = sourcecode.swift; path = User.swift; sourceTree = "<group>"; };
		270A26CB213AB7130096C24B /* UserAuthenticator.swift */ = {isa = PBXFileReference; lastKnownFileType = sourcecode.swift; path = UserAuthenticator.swift; sourceTree = "<group>"; };
		270A26CD213ABB220096C24B /* UserTestDataGenerator.swift */ = {isa = PBXFileReference; lastKnownFileType = sourcecode.swift; path = UserTestDataGenerator.swift; sourceTree = "<group>"; };
		270A26CF213AE2440096C24B /* ChatCellType.swift */ = {isa = PBXFileReference; lastKnownFileType = sourcecode.swift; path = ChatCellType.swift; sourceTree = "<group>"; };
		270A26D1213AE9250096C24B /* TextSimulator.swift */ = {isa = PBXFileReference; lastKnownFileType = sourcecode.swift; path = TextSimulator.swift; sourceTree = "<group>"; };
		270A26D5213B2A6C0096C24B /* VideoPlayerViewController.swift */ = {isa = PBXFileReference; lastKnownFileType = sourcecode.swift; path = VideoPlayerViewController.swift; sourceTree = "<group>"; };
		270A26DB213B66F50096C24B /* MessengerViewSizeProperties.swift */ = {isa = PBXFileReference; lastKnownFileType = sourcecode.swift; path = MessengerViewSizeProperties.swift; sourceTree = "<group>"; };
		2739BB82213733F6007B1D23 /* AnalyticsCollectionViewController.swift */ = {isa = PBXFileReference; lastKnownFileType = sourcecode.swift; path = AnalyticsCollectionViewController.swift; sourceTree = "<group>"; };
		2739BB85213740C6007B1D23 /* TwoLineChartCollectionViewCell.swift */ = {isa = PBXFileReference; lastKnownFileType = sourcecode.swift; path = TwoLineChartCollectionViewCell.swift; sourceTree = "<group>"; };
		2739BB87213740E6007B1D23 /* SingleLineChartCollectionViewCell.swift */ = {isa = PBXFileReference; lastKnownFileType = sourcecode.swift; path = SingleLineChartCollectionViewCell.swift; sourceTree = "<group>"; };
		2739BB89213740F7007B1D23 /* VerticalBarChartCollectionViewCell.swift */ = {isa = PBXFileReference; lastKnownFileType = sourcecode.swift; path = VerticalBarChartCollectionViewCell.swift; sourceTree = "<group>"; };
		2739BB8B2137410C007B1D23 /* HorizontalBarChartCollectionViewCell.swift */ = {isa = PBXFileReference; lastKnownFileType = sourcecode.swift; path = HorizontalBarChartCollectionViewCell.swift; sourceTree = "<group>"; };
		2739BB8D21374118007B1D23 /* PieChartCollectionViewCell.swift */ = {isa = PBXFileReference; lastKnownFileType = sourcecode.swift; path = PieChartCollectionViewCell.swift; sourceTree = "<group>"; };
		2739BB9221378353007B1D23 /* AnalyticsChartType.swift */ = {isa = PBXFileReference; lastKnownFileType = sourcecode.swift; path = AnalyticsChartType.swift; sourceTree = "<group>"; };
		2739BB962138A5F8007B1D23 /* MessengerViewController.swift */ = {isa = PBXFileReference; lastKnownFileType = sourcecode.swift; path = MessengerViewController.swift; sourceTree = "<group>"; };
		2739BB982138A801007B1D23 /* ChatCollectionViewCell.swift */ = {isa = PBXFileReference; lastKnownFileType = sourcecode.swift; path = ChatCollectionViewCell.swift; sourceTree = "<group>"; };
		2739BB9A2138EA87007B1D23 /* SenderChatCell.swift */ = {isa = PBXFileReference; lastKnownFileType = sourcecode.swift; path = SenderChatCell.swift; sourceTree = "<group>"; };
		2739BB9C2139B0C6007B1D23 /* MessengerInputView.swift */ = {isa = PBXFileReference; lastKnownFileType = sourcecode.swift; path = MessengerInputView.swift; sourceTree = "<group>"; };
		2739BBA0213A32AD007B1D23 /* ActionButton.swift */ = {isa = PBXFileReference; lastKnownFileType = sourcecode.swift; path = ActionButton.swift; sourceTree = "<group>"; };
		2739BBA2213A401F007B1D23 /* PhotosGalleryViewController.swift */ = {isa = PBXFileReference; lastKnownFileType = sourcecode.swift; path = PhotosGalleryViewController.swift; sourceTree = "<group>"; };
		2739BBA4213A4A7A007B1D23 /* PhotoCollectionViewCell.swift */ = {isa = PBXFileReference; lastKnownFileType = sourcecode.swift; path = PhotoCollectionViewCell.swift; sourceTree = "<group>"; };
		2739BBA6213AA5A9007B1D23 /* ChatImageCollectionViewCell.swift */ = {isa = PBXFileReference; lastKnownFileType = sourcecode.swift; path = ChatImageCollectionViewCell.swift; sourceTree = "<group>"; };
		27485020214D81B000EA927D /* GoogleService-Info.plist */ = {isa = PBXFileReference; fileEncoding = 4; lastKnownFileType = text.plist.xml; path = "GoogleService-Info.plist"; sourceTree = "<group>"; };
		27485022214D92F400EA927D /* FirebaseManager.swift */ = {isa = PBXFileReference; lastKnownFileType = sourcecode.swift; path = FirebaseManager.swift; sourceTree = "<group>"; };
		27485024214EDBED00EA927D /* NetworkRequestStringResponses.swift */ = {isa = PBXFileReference; lastKnownFileType = sourcecode.swift; path = NetworkRequestStringResponses.swift; sourceTree = "<group>"; };
		27854BF9213B7FDD005C0922 /* Assets.xcassets */ = {isa = PBXFileReference; lastKnownFileType = folder.assetcatalog; path = Assets.xcassets; sourceTree = "<group>"; };
		27A6224121347CC7007CE1CA /* FormInputItem.swift */ = {isa = PBXFileReference; lastKnownFileType = sourcecode.swift; path = FormInputItem.swift; sourceTree = "<group>"; };
		27A6224321349D93007CE1CA /* LoginViewController.swift */ = {isa = PBXFileReference; lastKnownFileType = sourcecode.swift; path = LoginViewController.swift; sourceTree = "<group>"; };
		27A622452134A10A007CE1CA /* FormViewConfigurer.swift */ = {isa = PBXFileReference; lastKnownFileType = sourcecode.swift; path = FormViewConfigurer.swift; sourceTree = "<group>"; };
		27A622472134AF43007CE1CA /* ForgotPasswordViewController.swift */ = {isa = PBXFileReference; lastKnownFileType = sourcecode.swift; path = ForgotPasswordViewController.swift; sourceTree = "<group>"; };
		27ACBAD92135D89F0058349F /* SignUpAnimationController.swift */ = {isa = PBXFileReference; lastKnownFileType = sourcecode.swift; path = SignUpAnimationController.swift; sourceTree = "<group>"; };
		27ACBADB2135FF380058349F /* RoundBackButton.swift */ = {isa = PBXFileReference; lastKnownFileType = sourcecode.swift; path = RoundBackButton.swift; sourceTree = "<group>"; };
		27ACBADD213634F40058349F /* LoginAnimationController.swift */ = {isa = PBXFileReference; lastKnownFileType = sourcecode.swift; path = LoginAnimationController.swift; sourceTree = "<group>"; };
		27ACBADF2136462D0058349F /* AlertView.swift */ = {isa = PBXFileReference; lastKnownFileType = sourcecode.swift; path = AlertView.swift; sourceTree = "<group>"; };
		27ACBAE1213648CE0058349F /* AlertViewController.swift */ = {isa = PBXFileReference; lastKnownFileType = sourcecode.swift; path = AlertViewController.swift; sourceTree = "<group>"; };
		27ACBAE421364F520058349F /* AlertViewModel.swift */ = {isa = PBXFileReference; lastKnownFileType = sourcecode.swift; path = AlertViewModel.swift; sourceTree = "<group>"; };
		27ACBAE6213658400058349F /* LoadingView.swift */ = {isa = PBXFileReference; lastKnownFileType = sourcecode.swift; path = LoadingView.swift; sourceTree = "<group>"; };
		27ACBAE82136584B0058349F /* LoadingViewController.swift */ = {isa = PBXFileReference; lastKnownFileType = sourcecode.swift; path = LoadingViewController.swift; sourceTree = "<group>"; };
		502979F72131F039005E5DFB /* Messenger.app */ = {isa = PBXFileReference; explicitFileType = wrapper.application; includeInIndex = 0; path = Messenger.app; sourceTree = BUILT_PRODUCTS_DIR; };
		502979FA2131F039005E5DFB /* AppDelegate.swift */ = {isa = PBXFileReference; lastKnownFileType = sourcecode.swift; path = AppDelegate.swift; sourceTree = "<group>"; };
		502979FC2131F039005E5DFB /* WelcomeViewController.swift */ = {isa = PBXFileReference; lastKnownFileType = sourcecode.swift; path = WelcomeViewController.swift; sourceTree = "<group>"; };
		502979FF2131F039005E5DFB /* Base */ = {isa = PBXFileReference; lastKnownFileType = file.storyboard; name = Base; path = Base.lproj/Main.storyboard; sourceTree = "<group>"; };
		50297A042131F03A005E5DFB /* Base */ = {isa = PBXFileReference; lastKnownFileType = file.storyboard; name = Base; path = Base.lproj/LaunchScreen.storyboard; sourceTree = "<group>"; };
		50297A062131F03A005E5DFB /* Info.plist */ = {isa = PBXFileReference; lastKnownFileType = text.plist.xml; path = Info.plist; sourceTree = "<group>"; };
		50297A0C2131F0B1005E5DFB /* WelcomeView.swift */ = {isa = PBXFileReference; lastKnownFileType = sourcecode.swift; path = WelcomeView.swift; sourceTree = "<group>"; };
		50297A172132013D005E5DFB /* backgroundVideo.mp4 */ = {isa = PBXFileReference; lastKnownFileType = file; path = backgroundVideo.mp4; sourceTree = "<group>"; };
		50297A1921332A93005E5DFB /* SignUpViewController.swift */ = {isa = PBXFileReference; lastKnownFileType = sourcecode.swift; path = SignUpViewController.swift; sourceTree = "<group>"; };
		50297A1B21332ABD005E5DFB /* FormView.swift */ = {isa = PBXFileReference; lastKnownFileType = sourcecode.swift; path = FormView.swift; sourceTree = "<group>"; };
		9A81AF429BF21B80BA9980D3 /* Pods-Messenger.debug.xcconfig */ = {isa = PBXFileReference; includeInIndex = 1; lastKnownFileType = text.xcconfig; name = "Pods-Messenger.debug.xcconfig"; path = "Pods/Target Support Files/Pods-Messenger/Pods-Messenger.debug.xcconfig"; sourceTree = "<group>"; };
		AD014185F8ACD9823720775B /* Pods_Messenger.framework */ = {isa = PBXFileReference; explicitFileType = wrapper.framework; includeInIndex = 0; path = Pods_Messenger.framework; sourceTree = BUILT_PRODUCTS_DIR; };
		E48DDEC4495256D7C9281EB8 /* Pods-Messenger.release.xcconfig */ = {isa = PBXFileReference; includeInIndex = 1; lastKnownFileType = text.xcconfig; name = "Pods-Messenger.release.xcconfig"; path = "Pods/Target Support Files/Pods-Messenger/Pods-Messenger.release.xcconfig"; sourceTree = "<group>"; };
/* End PBXFileReference section */

/* Begin PBXFrameworksBuildPhase section */
		502979F42131F039005E5DFB /* Frameworks */ = {
			isa = PBXFrameworksBuildPhase;
			buildActionMask = 2147483647;
			files = (
				B900C10A94D82B4FE66616BA /* Pods_Messenger.framework in Frameworks */,
			);
			runOnlyForDeploymentPostprocessing = 0;
		};
/* End PBXFrameworksBuildPhase section */

/* Begin PBXGroup section */
		270A26D9213B64550096C24B /* Chart Cells */ = {
			isa = PBXGroup;
			children = (
				2739BB85213740C6007B1D23 /* TwoLineChartCollectionViewCell.swift */,
				2739BB87213740E6007B1D23 /* SingleLineChartCollectionViewCell.swift */,
				2739BB89213740F7007B1D23 /* VerticalBarChartCollectionViewCell.swift */,
				2739BB8B2137410C007B1D23 /* HorizontalBarChartCollectionViewCell.swift */,
				2739BB8D21374118007B1D23 /* PieChartCollectionViewCell.swift */,
			);
			path = "Chart Cells";
			sourceTree = "<group>";
		};
		270A26DA213B65520096C24B /* Chat Cells */ = {
			isa = PBXGroup;
			children = (
				2739BB982138A801007B1D23 /* ChatCollectionViewCell.swift */,
				2739BB9A2138EA87007B1D23 /* SenderChatCell.swift */,
				2739BBA6213AA5A9007B1D23 /* ChatImageCollectionViewCell.swift */,
			);
			path = "Chat Cells";
			sourceTree = "<group>";
		};
		2739BB842137409E007B1D23 /* Collection View Cells */ = {
			isa = PBXGroup;
			children = (
				270A26D9213B64550096C24B /* Chart Cells */,
				270A26DA213B65520096C24B /* Chat Cells */,
				2739BBA4213A4A7A007B1D23 /* PhotoCollectionViewCell.swift */,
			);
			path = "Collection View Cells";
			sourceTree = "<group>";
		};
		27ACBAD82135D86D0058349F /* Animated Transistions */ = {
			isa = PBXGroup;
			children = (
				27ACBAD92135D89F0058349F /* SignUpAnimationController.swift */,
				27ACBADD213634F40058349F /* LoginAnimationController.swift */,
			);
			path = "Animated Transistions";
			sourceTree = "<group>";
		};
		27ACBAE321364F290058349F /* View Models */ = {
			isa = PBXGroup;
			children = (
				27ACBAE421364F520058349F /* AlertViewModel.swift */,
			);
			path = "View Models";
			sourceTree = "<group>";
		};
		502979EE2131F039005E5DFB = {
			isa = PBXGroup;
			children = (
				502979F92131F039005E5DFB /* Messenger */,
				502979F82131F039005E5DFB /* Products */,
				FFB28B387836A4CE8711740D /* Pods */,
				73364291EB3EEAD428844698 /* Frameworks */,
			);
			sourceTree = "<group>";
		};
		502979F82131F039005E5DFB /* Products */ = {
			isa = PBXGroup;
			children = (
				502979F72131F039005E5DFB /* Messenger.app */,
			);
			name = Products;
			sourceTree = "<group>";
		};
		502979F92131F039005E5DFB /* Messenger */ = {
			isa = PBXGroup;
			children = (
				27485020214D81B000EA927D /* GoogleService-Info.plist */,
				2739BB842137409E007B1D23 /* Collection View Cells */,
				27ACBAE321364F290058349F /* View Models */,
				27ACBAD82135D86D0058349F /* Animated Transistions */,
				50297A162131F14D005E5DFB /* Resources */,
				50297A152131F12D005E5DFB /* Storyboards */,
				50297A142131F116005E5DFB /* Application Delegate */,
				50297A132131F106005E5DFB /* Helper Files */,
				50297A122131F100005E5DFB /* Objects */,
				50297A112131F0FB005E5DFB /* Views */,
				50297A102131F0DD005E5DFB /* View Controllers */,
				50297A062131F03A005E5DFB /* Info.plist */,
			);
			path = Messenger;
			sourceTree = "<group>";
		};
		50297A102131F0DD005E5DFB /* View Controllers */ = {
			isa = PBXGroup;
			children = (
				502979FC2131F039005E5DFB /* WelcomeViewController.swift */,
				2739BB82213733F6007B1D23 /* AnalyticsCollectionViewController.swift */,
				50297A1921332A93005E5DFB /* SignUpViewController.swift */,
				27A6224321349D93007CE1CA /* LoginViewController.swift */,
				27A622472134AF43007CE1CA /* ForgotPasswordViewController.swift */,
				27ACBAE1213648CE0058349F /* AlertViewController.swift */,
				27ACBAE82136584B0058349F /* LoadingViewController.swift */,
				2739BB962138A5F8007B1D23 /* MessengerViewController.swift */,
				2739BBA2213A401F007B1D23 /* PhotosGalleryViewController.swift */,
				270A26D5213B2A6C0096C24B /* VideoPlayerViewController.swift */,
			);
			path = "View Controllers";
			sourceTree = "<group>";
		};
		50297A112131F0FB005E5DFB /* Views */ = {
			isa = PBXGroup;
			children = (
				50297A0C2131F0B1005E5DFB /* WelcomeView.swift */,
				50297A1B21332ABD005E5DFB /* FormView.swift */,
				27A6224121347CC7007CE1CA /* FormInputItem.swift */,
				27ACBADB2135FF380058349F /* RoundBackButton.swift */,
				27ACBADF2136462D0058349F /* AlertView.swift */,
				27ACBAE6213658400058349F /* LoadingView.swift */,
				2739BB9C2139B0C6007B1D23 /* MessengerInputView.swift */,
				2739BBA0213A32AD007B1D23 /* ActionButton.swift */,
			);
			path = Views;
			sourceTree = "<group>";
		};
		50297A122131F100005E5DFB /* Objects */ = {
			isa = PBXGroup;
			children = (
				270A26C7213AB54A0096C24B /* Message.swift */,
				270A26C9213AB5B70096C24B /* User.swift */,
			);
			path = Objects;
			sourceTree = "<group>";
		};
		50297A132131F106005E5DFB /* Helper Files */ = {
			isa = PBXGroup;
			children = (
				27485022214D92F400EA927D /* FirebaseManager.swift */,
				27A622452134A10A007CE1CA /* FormViewConfigurer.swift */,
				270A26CB213AB7130096C24B /* UserAuthenticator.swift */,
				270A26CD213ABB220096C24B /* UserTestDataGenerator.swift */,
				2739BB9221378353007B1D23 /* AnalyticsChartType.swift */,
				270A26CF213AE2440096C24B /* ChatCellType.swift */,
				270A26D1213AE9250096C24B /* TextSimulator.swift */,
				270A26DB213B66F50096C24B /* MessengerViewSizeProperties.swift */,
				27485024214EDBED00EA927D /* NetworkRequestStringResponses.swift */,
			);
			path = "Helper Files";
			sourceTree = "<group>";
		};
		50297A142131F116005E5DFB /* Application Delegate */ = {
			isa = PBXGroup;
			children = (
				502979FA2131F039005E5DFB /* AppDelegate.swift */,
			);
			path = "Application Delegate";
			sourceTree = "<group>";
		};
		50297A152131F12D005E5DFB /* Storyboards */ = {
			isa = PBXGroup;
			children = (
				50297A032131F03A005E5DFB /* LaunchScreen.storyboard */,
				502979FE2131F039005E5DFB /* Main.storyboard */,
			);
			path = Storyboards;
			sourceTree = "<group>";
		};
		50297A162131F14D005E5DFB /* Resources */ = {
			isa = PBXGroup;
			children = (
				27854BF9213B7FDD005C0922 /* Assets.xcassets */,
				50297A172132013D005E5DFB /* backgroundVideo.mp4 */,
			);
			path = Resources;
			sourceTree = "<group>";
		};
		73364291EB3EEAD428844698 /* Frameworks */ = {
			isa = PBXGroup;
			children = (
				AD014185F8ACD9823720775B /* Pods_Messenger.framework */,
			);
			name = Frameworks;
			sourceTree = "<group>";
		};
		FFB28B387836A4CE8711740D /* Pods */ = {
			isa = PBXGroup;
			children = (
				9A81AF429BF21B80BA9980D3 /* Pods-Messenger.debug.xcconfig */,
				E48DDEC4495256D7C9281EB8 /* Pods-Messenger.release.xcconfig */,
			);
			name = Pods;
			sourceTree = "<group>";
		};
/* End PBXGroup section */

/* Begin PBXNativeTarget section */
		502979F62131F039005E5DFB /* Messenger */ = {
			isa = PBXNativeTarget;
			buildConfigurationList = 50297A092131F03A005E5DFB /* Build configuration list for PBXNativeTarget "Messenger" */;
			buildPhases = (
				1C1F2E480D1B59B34620177F /* [CP] Check Pods Manifest.lock */,
				502979F32131F039005E5DFB /* Sources */,
				502979F42131F039005E5DFB /* Frameworks */,
				502979F52131F039005E5DFB /* Resources */,
				159ECF49239ABA1DE0DECC91 /* [CP] Embed Pods Frameworks */,
			);
			buildRules = (
			);
			dependencies = (
			);
			name = Messenger;
			productName = Messenger;
			productReference = 502979F72131F039005E5DFB /* Messenger.app */;
			productType = "com.apple.product-type.application";
		};
/* End PBXNativeTarget section */

/* Begin PBXProject section */
		502979EF2131F039005E5DFB /* Project object */ = {
			isa = PBXProject;
			attributes = {
				LastSwiftUpdateCheck = 0930;
				LastUpgradeCheck = 0930;
				ORGANIZATIONNAME = com.MobilePic;
				TargetAttributes = {
					502979F62131F039005E5DFB = {
						CreatedOnToolsVersion = 9.3.1;
					};
				};
			};
			buildConfigurationList = 502979F22131F039005E5DFB /* Build configuration list for PBXProject "Messenger" */;
			compatibilityVersion = "Xcode 9.3";
			developmentRegion = en;
			hasScannedForEncodings = 0;
			knownRegions = (
				en,
				Base,
			);
			mainGroup = 502979EE2131F039005E5DFB;
			productRefGroup = 502979F82131F039005E5DFB /* Products */;
			projectDirPath = "";
			projectRoot = "";
			targets = (
				502979F62131F039005E5DFB /* Messenger */,
			);
		};
/* End PBXProject section */

/* Begin PBXResourcesBuildPhase section */
		502979F52131F039005E5DFB /* Resources */ = {
			isa = PBXResourcesBuildPhase;
			buildActionMask = 2147483647;
			files = (
				50297A1821331F3A005E5DFB /* backgroundVideo.mp4 in Resources */,
				50297A052131F03A005E5DFB /* LaunchScreen.storyboard in Resources */,
				27485021214D81B000EA927D /* GoogleService-Info.plist in Resources */,
				27854BFA213B7FDD005C0922 /* Assets.xcassets in Resources */,
				50297A002131F039005E5DFB /* Main.storyboard in Resources */,
			);
			runOnlyForDeploymentPostprocessing = 0;
		};
/* End PBXResourcesBuildPhase section */

/* Begin PBXShellScriptBuildPhase section */
		159ECF49239ABA1DE0DECC91 /* [CP] Embed Pods Frameworks */ = {
			isa = PBXShellScriptBuildPhase;
			buildActionMask = 2147483647;
			files = (
			);
			inputPaths = (
				"${SRCROOT}/Pods/Target Support Files/Pods-Messenger/Pods-Messenger-frameworks.sh",
				"${BUILT_PRODUCTS_DIR}/BoringSSL/openssl.framework",
				"${BUILT_PRODUCTS_DIR}/Charts/Charts.framework",
				"${BUILT_PRODUCTS_DIR}/GoogleUtilities/GoogleUtilities.framework",
				"${BUILT_PRODUCTS_DIR}/Protobuf/Protobuf.framework",
				"${BUILT_PRODUCTS_DIR}/Realm/Realm.framework",
				"${BUILT_PRODUCTS_DIR}/RealmSwift/RealmSwift.framework",
				"${BUILT_PRODUCTS_DIR}/gRPC/GRPCClient.framework",
				"${BUILT_PRODUCTS_DIR}/gRPC-Core/grpc.framework",
				"${BUILT_PRODUCTS_DIR}/gRPC-ProtoRPC/ProtoRPC.framework",
				"${BUILT_PRODUCTS_DIR}/gRPC-RxLibrary/RxLibrary.framework",
				"${BUILT_PRODUCTS_DIR}/leveldb-library/leveldb.framework",
				"${BUILT_PRODUCTS_DIR}/nanopb/nanopb.framework",
			);
			name = "[CP] Embed Pods Frameworks";
			outputPaths = (
				"${TARGET_BUILD_DIR}/${FRAMEWORKS_FOLDER_PATH}/openssl.framework",
				"${TARGET_BUILD_DIR}/${FRAMEWORKS_FOLDER_PATH}/Charts.framework",
				"${TARGET_BUILD_DIR}/${FRAMEWORKS_FOLDER_PATH}/GoogleUtilities.framework",
				"${TARGET_BUILD_DIR}/${FRAMEWORKS_FOLDER_PATH}/Protobuf.framework",
				"${TARGET_BUILD_DIR}/${FRAMEWORKS_FOLDER_PATH}/Realm.framework",
				"${TARGET_BUILD_DIR}/${FRAMEWORKS_FOLDER_PATH}/RealmSwift.framework",
				"${TARGET_BUILD_DIR}/${FRAMEWORKS_FOLDER_PATH}/GRPCClient.framework",
				"${TARGET_BUILD_DIR}/${FRAMEWORKS_FOLDER_PATH}/grpc.framework",
				"${TARGET_BUILD_DIR}/${FRAMEWORKS_FOLDER_PATH}/ProtoRPC.framework",
				"${TARGET_BUILD_DIR}/${FRAMEWORKS_FOLDER_PATH}/RxLibrary.framework",
				"${TARGET_BUILD_DIR}/${FRAMEWORKS_FOLDER_PATH}/leveldb.framework",
				"${TARGET_BUILD_DIR}/${FRAMEWORKS_FOLDER_PATH}/nanopb.framework",
			);
			runOnlyForDeploymentPostprocessing = 0;
			shellPath = /bin/sh;
			shellScript = "\"${SRCROOT}/Pods/Target Support Files/Pods-Messenger/Pods-Messenger-frameworks.sh\"\n";
			showEnvVarsInLog = 0;
		};
		1C1F2E480D1B59B34620177F /* [CP] Check Pods Manifest.lock */ = {
			isa = PBXShellScriptBuildPhase;
			buildActionMask = 2147483647;
			files = (
			);
			inputPaths = (
				"${PODS_PODFILE_DIR_PATH}/Podfile.lock",
				"${PODS_ROOT}/Manifest.lock",
			);
			name = "[CP] Check Pods Manifest.lock";
			outputPaths = (
				"$(DERIVED_FILE_DIR)/Pods-Messenger-checkManifestLockResult.txt",
			);
			runOnlyForDeploymentPostprocessing = 0;
			shellPath = /bin/sh;
			shellScript = "diff \"${PODS_PODFILE_DIR_PATH}/Podfile.lock\" \"${PODS_ROOT}/Manifest.lock\" > /dev/null\nif [ $? != 0 ] ; then\n    # print error to STDERR\n    echo \"error: The sandbox is not in sync with the Podfile.lock. Run 'pod install' or update your CocoaPods installation.\" >&2\n    exit 1\nfi\n# This output is used by Xcode 'outputs' to avoid re-running this script phase.\necho \"SUCCESS\" > \"${SCRIPT_OUTPUT_FILE_0}\"\n";
			showEnvVarsInLog = 0;
		};
/* End PBXShellScriptBuildPhase section */

/* Begin PBXSourcesBuildPhase section */
		502979F32131F039005E5DFB /* Sources */ = {
			isa = PBXSourcesBuildPhase;
			buildActionMask = 2147483647;
			files = (
				27A6224421349D93007CE1CA /* LoginViewController.swift in Sources */,
				27ACBAE2213648CE0058349F /* AlertViewController.swift in Sources */,
				2739BB992138A801007B1D23 /* ChatCollectionViewCell.swift in Sources */,
				50297A0D2131F0B1005E5DFB /* WelcomeView.swift in Sources */,
				27ACBAE521364F520058349F /* AlertViewModel.swift in Sources */,
				27ACBADA2135D89F0058349F /* SignUpAnimationController.swift in Sources */,
				270A26CC213AB7130096C24B /* UserAuthenticator.swift in Sources */,
				270A26C8213AB54A0096C24B /* Message.swift in Sources */,
				270A26DC213B66F50096C24B /* MessengerViewSizeProperties.swift in Sources */,
				27ACBAE7213658400058349F /* LoadingView.swift in Sources */,
				502979FD2131F039005E5DFB /* WelcomeViewController.swift in Sources */,
				50297A1C21332ABD005E5DFB /* FormView.swift in Sources */,
				2739BB86213740C6007B1D23 /* TwoLineChartCollectionViewCell.swift in Sources */,
				2739BB972138A5F8007B1D23 /* MessengerViewController.swift in Sources */,
				27A6224221347CC7007CE1CA /* FormInputItem.swift in Sources */,
				27ACBADC2135FF380058349F /* RoundBackButton.swift in Sources */,
				270A26D6213B2A6C0096C24B /* VideoPlayerViewController.swift in Sources */,
				27A622482134AF43007CE1CA /* ForgotPasswordViewController.swift in Sources */,
				27ACBAE92136584B0058349F /* LoadingViewController.swift in Sources */,
				2739BB8C2137410C007B1D23 /* HorizontalBarChartCollectionViewCell.swift in Sources */,
				2739BB8E21374118007B1D23 /* PieChartCollectionViewCell.swift in Sources */,
				27ACBAE02136462D0058349F /* AlertView.swift in Sources */,
				2739BBA7213AA5A9007B1D23 /* ChatImageCollectionViewCell.swift in Sources */,
				2739BBA1213A32AD007B1D23 /* ActionButton.swift in Sources */,
				27485023214D92F400EA927D /* FirebaseManager.swift in Sources */,
				2739BB9321378353007B1D23 /* AnalyticsChartType.swift in Sources */,
				2739BBA3213A401F007B1D23 /* PhotosGalleryViewController.swift in Sources */,
				2739BB9D2139B0C6007B1D23 /* MessengerInputView.swift in Sources */,
				270A26CA213AB5B70096C24B /* User.swift in Sources */,
				270A26CE213ABB220096C24B /* UserTestDataGenerator.swift in Sources */,
				2739BBA5213A4A7A007B1D23 /* PhotoCollectionViewCell.swift in Sources */,
				50297A1A21332A93005E5DFB /* SignUpViewController.swift in Sources */,
				27A622462134A10A007CE1CA /* FormViewConfigurer.swift in Sources */,
				2739BB83213733F6007B1D23 /* AnalyticsCollectionViewController.swift in Sources */,
				2739BB9B2138EA87007B1D23 /* SenderChatCell.swift in Sources */,
				2739BB8A213740F7007B1D23 /* VerticalBarChartCollectionViewCell.swift in Sources */,
				27485025214EDBED00EA927D /* NetworkRequestStringResponses.swift in Sources */,
				2739BB88213740E6007B1D23 /* SingleLineChartCollectionViewCell.swift in Sources */,
				27ACBADE213634F40058349F /* LoginAnimationController.swift in Sources */,
				270A26D2213AE9250096C24B /* TextSimulator.swift in Sources */,
				270A26D0213AE2440096C24B /* ChatCellType.swift in Sources */,
				502979FB2131F039005E5DFB /* AppDelegate.swift in Sources */,
			);
			runOnlyForDeploymentPostprocessing = 0;
		};
/* End PBXSourcesBuildPhase section */

/* Begin PBXVariantGroup section */
		502979FE2131F039005E5DFB /* Main.storyboard */ = {
			isa = PBXVariantGroup;
			children = (
				502979FF2131F039005E5DFB /* Base */,
			);
			name = Main.storyboard;
			sourceTree = "<group>";
		};
		50297A032131F03A005E5DFB /* LaunchScreen.storyboard */ = {
			isa = PBXVariantGroup;
			children = (
				50297A042131F03A005E5DFB /* Base */,
			);
			name = LaunchScreen.storyboard;
			sourceTree = "<group>";
		};
/* End PBXVariantGroup section */

/* Begin XCBuildConfiguration section */
		50297A072131F03A005E5DFB /* Debug */ = {
			isa = XCBuildConfiguration;
			buildSettings = {
				ALWAYS_SEARCH_USER_PATHS = NO;
				CLANG_ANALYZER_NONNULL = YES;
				CLANG_ANALYZER_NUMBER_OBJECT_CONVERSION = YES_AGGRESSIVE;
				CLANG_CXX_LANGUAGE_STANDARD = "gnu++14";
				CLANG_CXX_LIBRARY = "libc++";
				CLANG_ENABLE_MODULES = YES;
				CLANG_ENABLE_OBJC_ARC = YES;
				CLANG_ENABLE_OBJC_WEAK = YES;
				CLANG_WARN_BLOCK_CAPTURE_AUTORELEASING = YES;
				CLANG_WARN_BOOL_CONVERSION = YES;
				CLANG_WARN_COMMA = YES;
				CLANG_WARN_CONSTANT_CONVERSION = YES;
				CLANG_WARN_DEPRECATED_OBJC_IMPLEMENTATIONS = YES;
				CLANG_WARN_DIRECT_OBJC_ISA_USAGE = YES_ERROR;
				CLANG_WARN_DOCUMENTATION_COMMENTS = YES;
				CLANG_WARN_EMPTY_BODY = YES;
				CLANG_WARN_ENUM_CONVERSION = YES;
				CLANG_WARN_INFINITE_RECURSION = YES;
				CLANG_WARN_INT_CONVERSION = YES;
				CLANG_WARN_NON_LITERAL_NULL_CONVERSION = YES;
				CLANG_WARN_OBJC_IMPLICIT_RETAIN_SELF = YES;
				CLANG_WARN_OBJC_LITERAL_CONVERSION = YES;
				CLANG_WARN_OBJC_ROOT_CLASS = YES_ERROR;
				CLANG_WARN_RANGE_LOOP_ANALYSIS = YES;
				CLANG_WARN_STRICT_PROTOTYPES = YES;
				CLANG_WARN_SUSPICIOUS_MOVE = YES;
				CLANG_WARN_UNGUARDED_AVAILABILITY = YES_AGGRESSIVE;
				CLANG_WARN_UNREACHABLE_CODE = YES;
				CLANG_WARN__DUPLICATE_METHOD_MATCH = YES;
				CODE_SIGN_IDENTITY = "iPhone Developer";
				COPY_PHASE_STRIP = NO;
				DEBUG_INFORMATION_FORMAT = dwarf;
				ENABLE_STRICT_OBJC_MSGSEND = YES;
				ENABLE_TESTABILITY = YES;
				GCC_C_LANGUAGE_STANDARD = gnu11;
				GCC_DYNAMIC_NO_PIC = NO;
				GCC_NO_COMMON_BLOCKS = YES;
				GCC_OPTIMIZATION_LEVEL = 0;
				GCC_PREPROCESSOR_DEFINITIONS = (
					"DEBUG=1",
					"$(inherited)",
				);
				GCC_WARN_64_TO_32_BIT_CONVERSION = YES;
				GCC_WARN_ABOUT_RETURN_TYPE = YES_ERROR;
				GCC_WARN_UNDECLARED_SELECTOR = YES;
				GCC_WARN_UNINITIALIZED_AUTOS = YES_AGGRESSIVE;
				GCC_WARN_UNUSED_FUNCTION = YES;
				GCC_WARN_UNUSED_VARIABLE = YES;
				IPHONEOS_DEPLOYMENT_TARGET = 11.3;
				MTL_ENABLE_DEBUG_INFO = YES;
				ONLY_ACTIVE_ARCH = YES;
				SDKROOT = iphoneos;
				SWIFT_ACTIVE_COMPILATION_CONDITIONS = DEBUG;
				SWIFT_OPTIMIZATION_LEVEL = "-Onone";
			};
			name = Debug;
		};
		50297A082131F03A005E5DFB /* Release */ = {
			isa = XCBuildConfiguration;
			buildSettings = {
				ALWAYS_SEARCH_USER_PATHS = NO;
				CLANG_ANALYZER_NONNULL = YES;
				CLANG_ANALYZER_NUMBER_OBJECT_CONVERSION = YES_AGGRESSIVE;
				CLANG_CXX_LANGUAGE_STANDARD = "gnu++14";
				CLANG_CXX_LIBRARY = "libc++";
				CLANG_ENABLE_MODULES = YES;
				CLANG_ENABLE_OBJC_ARC = YES;
				CLANG_ENABLE_OBJC_WEAK = YES;
				CLANG_WARN_BLOCK_CAPTURE_AUTORELEASING = YES;
				CLANG_WARN_BOOL_CONVERSION = YES;
				CLANG_WARN_COMMA = YES;
				CLANG_WARN_CONSTANT_CONVERSION = YES;
				CLANG_WARN_DEPRECATED_OBJC_IMPLEMENTATIONS = YES;
				CLANG_WARN_DIRECT_OBJC_ISA_USAGE = YES_ERROR;
				CLANG_WARN_DOCUMENTATION_COMMENTS = YES;
				CLANG_WARN_EMPTY_BODY = YES;
				CLANG_WARN_ENUM_CONVERSION = YES;
				CLANG_WARN_INFINITE_RECURSION = YES;
				CLANG_WARN_INT_CONVERSION = YES;
				CLANG_WARN_NON_LITERAL_NULL_CONVERSION = YES;
				CLANG_WARN_OBJC_IMPLICIT_RETAIN_SELF = YES;
				CLANG_WARN_OBJC_LITERAL_CONVERSION = YES;
				CLANG_WARN_OBJC_ROOT_CLASS = YES_ERROR;
				CLANG_WARN_RANGE_LOOP_ANALYSIS = YES;
				CLANG_WARN_STRICT_PROTOTYPES = YES;
				CLANG_WARN_SUSPICIOUS_MOVE = YES;
				CLANG_WARN_UNGUARDED_AVAILABILITY = YES_AGGRESSIVE;
				CLANG_WARN_UNREACHABLE_CODE = YES;
				CLANG_WARN__DUPLICATE_METHOD_MATCH = YES;
				CODE_SIGN_IDENTITY = "iPhone Developer";
				COPY_PHASE_STRIP = NO;
				DEBUG_INFORMATION_FORMAT = "dwarf-with-dsym";
				ENABLE_NS_ASSERTIONS = NO;
				ENABLE_STRICT_OBJC_MSGSEND = YES;
				GCC_C_LANGUAGE_STANDARD = gnu11;
				GCC_NO_COMMON_BLOCKS = YES;
				GCC_WARN_64_TO_32_BIT_CONVERSION = YES;
				GCC_WARN_ABOUT_RETURN_TYPE = YES_ERROR;
				GCC_WARN_UNDECLARED_SELECTOR = YES;
				GCC_WARN_UNINITIALIZED_AUTOS = YES_AGGRESSIVE;
				GCC_WARN_UNUSED_FUNCTION = YES;
				GCC_WARN_UNUSED_VARIABLE = YES;
				IPHONEOS_DEPLOYMENT_TARGET = 11.3;
				MTL_ENABLE_DEBUG_INFO = NO;
				SDKROOT = iphoneos;
				SWIFT_COMPILATION_MODE = wholemodule;
				SWIFT_OPTIMIZATION_LEVEL = "-O";
				VALIDATE_PRODUCT = YES;
			};
			name = Release;
		};
		50297A0A2131F03A005E5DFB /* Debug */ = {
			isa = XCBuildConfiguration;
			baseConfigurationReference = 9A81AF429BF21B80BA9980D3 /* Pods-Messenger.debug.xcconfig */;
			buildSettings = {
				ASSETCATALOG_COMPILER_APPICON_NAME = AppIcon;
				CODE_SIGN_STYLE = Automatic;
				DEVELOPMENT_TEAM = D5V9DEDBX9;
				INFOPLIST_FILE = Messenger/Info.plist;
				IPHONEOS_DEPLOYMENT_TARGET = 11.0;
				LD_RUNPATH_SEARCH_PATHS = (
					"$(inherited)",
					"@executable_path/Frameworks",
				);
				PRODUCT_BUNDLE_IDENTIFIER = MobilePic.Messenger;
				PRODUCT_NAME = "$(TARGET_NAME)";
				SWIFT_VERSION = 4.0;
				TARGETED_DEVICE_FAMILY = 1;
			};
			name = Debug;
		};
		50297A0B2131F03A005E5DFB /* Release */ = {
			isa = XCBuildConfiguration;
			baseConfigurationReference = E48DDEC4495256D7C9281EB8 /* Pods-Messenger.release.xcconfig */;
			buildSettings = {
				ASSETCATALOG_COMPILER_APPICON_NAME = AppIcon;
				CODE_SIGN_STYLE = Automatic;
				DEVELOPMENT_TEAM = D5V9DEDBX9;
				INFOPLIST_FILE = Messenger/Info.plist;
				IPHONEOS_DEPLOYMENT_TARGET = 11.0;
				LD_RUNPATH_SEARCH_PATHS = (
					"$(inherited)",
					"@executable_path/Frameworks",
				);
				PRODUCT_BUNDLE_IDENTIFIER = MobilePic.Messenger;
				PRODUCT_NAME = "$(TARGET_NAME)";
				SWIFT_VERSION = 4.0;
				TARGETED_DEVICE_FAMILY = 1;
			};
			name = Release;
		};
/* End XCBuildConfiguration section */

/* Begin XCConfigurationList section */
		502979F22131F039005E5DFB /* Build configuration list for PBXProject "Messenger" */ = {
			isa = XCConfigurationList;
			buildConfigurations = (
				50297A072131F03A005E5DFB /* Debug */,
				50297A082131F03A005E5DFB /* Release */,
			);
			defaultConfigurationIsVisible = 0;
			defaultConfigurationName = Release;
		};
		50297A092131F03A005E5DFB /* Build configuration list for PBXNativeTarget "Messenger" */ = {
			isa = XCConfigurationList;
			buildConfigurations = (
				50297A0A2131F03A005E5DFB /* Debug */,
				50297A0B2131F03A005E5DFB /* Release */,
			);
			defaultConfigurationIsVisible = 0;
			defaultConfigurationName = Release;
		};
/* End XCConfigurationList section */
	};
	rootObject = 502979EF2131F039005E5DFB /* Project object */;
}
